
Microsoft Visual Studio Solution File, Format Version 12.00
# Visual Studio Version 16
VisualStudioVersion = 16.0.30611.23
MinimumVisualStudioVersion = 10.0.40219.1
Project("{FAE04EC0-301F-11D3-BF4B-00C04F79EFBC}") = "AjaxPaging", "AjaxPaging\AjaxPaging.csproj", "{ED9878B1-D41A-461E-84FE-18128AE9ECFF}"
EndProject
Global
	GlobalSection(SolutionConfigurationPlatforms) = preSolution
		Debug|Any CPU = Debug|Any CPU
		Release|Any CPU = Release|Any CPU
	EndGlobalSection
	GlobalSection(ProjectConfigurationPlatforms) = postSolution
		{ED9878B1-D41A-461E-84FE-18128AE9ECFF}.Debug|Any CPU.ActiveCfg = Debug|Any CPU
		{ED9878B1-D41A-461E-84FE-18128AE9ECFF}.Debug|Any CPU.Build.0 = Debug|Any CPU
		{ED9878B1-D41A-461E-84FE-18128AE9ECFF}.Release|Any CPU.ActiveCfg = Release|Any CPU
		{ED9878B1-D41A-461E-84FE-18128AE9ECFF}.Release|Any CPU.Build.0 = Release|Any CPU
	EndGlobalSection
	GlobalSection(SolutionProperties) = preSolution
		HideSolutionNode = FALSE
	EndGlobalSection
	GlobalSection(ExtensibilityGlobals) = postSolution
		SolutionGuid = {1302E61B-CFB8-40C9-B839-88411542D1C5}
	EndGlobalSection
EndGlobal
